// !$*UTF8*$!
{
	archiveVersion = 1;
	classes = {
	};
	objectVersion = 55;
	objects = {

/* Begin PBXBuildFile section */
		A98DA1D629514673008A0557 /* main.swift in Sources */ = {isa = PBXBuildFile; fileRef = A98DA1D529514673008A0557 /* main.swift */; };
		A98DA1DA29514E2D008A0557 /* Lv1. 짝수와 홀수.swift in Sources */ = {isa = PBXBuildFile; fileRef = A98DA1D929514E2D008A0557 /* Lv1. 짝수와 홀수.swift */; };
/* End PBXBuildFile section */

/* Begin PBXCopyFilesBuildPhase section */
		A98DA1C5295138A2008A0557 /* CopyFiles */ = {
			isa = PBXCopyFilesBuildPhase;
			buildActionMask = 2147483647;
			dstPath = /usr/share/man/man1/;
			dstSubfolderSpec = 0;
			files = (
			);
			runOnlyForDeploymentPostprocessing = 1;
		};
/* End PBXCopyFilesBuildPhase section */

/* Begin PBXFileReference section */
		A946FA42296E54F300E2E4A8 /* Lv1. 소수 구하기.swift */ = {isa = PBXFileReference; lastKnownFileType = sourcecode.swift; path = "Lv1. 소수 구하기.swift"; sourceTree = "<group>"; };
		A984B218296FE39400DA2733 /* Lv1. 실패율.swift */ = {isa = PBXFileReference; lastKnownFileType = sourcecode.swift; path = "Lv1. 실패율.swift"; sourceTree = "<group>"; };
		A984B21A296FE4AF00DA2733 /* Lv0. 중앙값 구하기.swift */ = {isa = PBXFileReference; lastKnownFileType = sourcecode.swift; path = "Lv0. 중앙값 구하기.swift"; sourceTree = "<group>"; };
		A984B21B296FEBC200DA2733 /* Lv0. 옷가게 할인 받기.swift */ = {isa = PBXFileReference; lastKnownFileType = sourcecode.swift; path = "Lv0. 옷가게 할인 받기.swift"; sourceTree = "<group>"; wrapsLines = 1; };
		A984B21E2970F54B00DA2733 /* Lv1. 크기가 작은 부분 문자열.swift */ = {isa = PBXFileReference; lastKnownFileType = sourcecode.swift; path = "Lv1. 크기가 작은 부분 문자열.swift"; sourceTree = "<group>"; };
		A984B21F29711B9800DA2733 /* Lv0. 순서쌍의 개수.swift */ = {isa = PBXFileReference; lastKnownFileType = sourcecode.swift; path = "Lv0. 순서쌍의 개수.swift"; sourceTree = "<group>"; };
		A984B22129711E7D00DA2733 /* Lv0. 문자열안에 문자열.swift */ = {isa = PBXFileReference; lastKnownFileType = sourcecode.swift; path = "Lv0. 문자열안에 문자열.swift"; sourceTree = "<group>"; };
		A984B22329711F5F00DA2733 /* Lv0. 자릿수 더하기.swift */ = {isa = PBXFileReference; lastKnownFileType = sourcecode.swift; path = "Lv0. 자릿수 더하기.swift"; sourceTree = "<group>"; };
		A98CBC79297A993600206EED /* Lv0. 피자 나눠 먹기(2).swift */ = {isa = PBXFileReference; lastKnownFileType = sourcecode.swift; path = "Lv0. 피자 나눠 먹기(2).swift"; sourceTree = "<group>"; };
		A98DA1C7295138A2008A0557 /* Algorithm */ = {isa = PBXFileReference; explicitFileType = "compiled.mach-o.executable"; includeInIndex = 0; path = Algorithm; sourceTree = BUILT_PRODUCTS_DIR; };
		A98DA1D3295140F0008A0557 /* Lv1. 가운데 글자 가져오기.swift */ = {isa = PBXFileReference; lastKnownFileType = sourcecode.swift; path = "Lv1. 가운데 글자 가져오기.swift"; sourceTree = "<group>"; };
		A98DA1D529514673008A0557 /* main.swift */ = {isa = PBXFileReference; lastKnownFileType = sourcecode.swift; path = main.swift; sourceTree = "<group>"; };
		A98DA1D929514E2D008A0557 /* Lv1. 짝수와 홀수.swift */ = {isa = PBXFileReference; lastKnownFileType = sourcecode.swift; path = "Lv1. 짝수와 홀수.swift"; sourceTree = "<group>"; };
		A98DA1DB29514E43008A0557 /* Lv1. 없는 숫자 더하기.swift */ = {isa = PBXFileReference; lastKnownFileType = sourcecode.swift; path = "Lv1. 없는 숫자 더하기.swift"; sourceTree = "<group>"; };
		A98DA1DD295158CF008A0557 /* Lv1. 나누어 떨어지는 숫자 배열.swift */ = {isa = PBXFileReference; lastKnownFileType = sourcecode.swift; path = "Lv1. 나누어 떨어지는 숫자 배열.swift"; sourceTree = "<group>"; };
		A98DA1E229519F8E008A0557 /* Lv0. 최대값 만들기(1).swift */ = {isa = PBXFileReference; lastKnownFileType = sourcecode.swift; path = "Lv0. 최대값 만들기(1).swift"; sourceTree = "<group>"; };
		A98DA1E329528641008A0557 /* Lv1. 문자열 내 p와 y의 개수.swift */ = {isa = PBXFileReference; lastKnownFileType = sourcecode.swift; path = "Lv1. 문자열 내 p와 y의 개수.swift"; sourceTree = "<group>"; };
		A98DA1E429528A0B008A0557 /* Lv1. 나머지가 1이 되는 수 찾기.swift */ = {isa = PBXFileReference; lastKnownFileType = sourcecode.swift; path = "Lv1. 나머지가 1이 되는 수 찾기.swift"; sourceTree = "<group>"; };
		A98DA1E529528D37008A0557 /* Lv1. 콜라츠 추측.swift */ = {isa = PBXFileReference; lastKnownFileType = sourcecode.swift; path = "Lv1. 콜라츠 추측.swift"; sourceTree = "<group>"; };
		A98DA1E629592006008A0557 /* Lv1. 서울에서 김서방 찾기.swift */ = {isa = PBXFileReference; lastKnownFileType = sourcecode.swift; path = "Lv1. 서울에서 김서방 찾기.swift"; sourceTree = "<group>"; };
		A98DA1E72959307C008A0557 /* Lv1. 음양 더하기.swift */ = {isa = PBXFileReference; lastKnownFileType = sourcecode.swift; path = "Lv1. 음양 더하기.swift"; sourceTree = "<group>"; };
		A98DA1E8295938C5008A0557 /* Lv1. 제일 작은 수 제거하기.swift */ = {isa = PBXFileReference; lastKnownFileType = sourcecode.swift; path = "Lv1. 제일 작은 수 제거하기.swift"; sourceTree = "<group>"; };
		A98DA1E9295A7C5C008A0557 /* Lv.1 수박수박수박수박수?.swift */ = {isa = PBXFileReference; lastKnownFileType = sourcecode.swift; path = "Lv.1 수박수박수박수박수?.swift"; sourceTree = "<group>"; };
		A98DA1EA295A7DB6008A0557 /* Lv1. 문자열 내림차순으로 배치하기.swift */ = {isa = PBXFileReference; lastKnownFileType = sourcecode.swift; path = "Lv1. 문자열 내림차순으로 배치하기.swift"; sourceTree = "<group>"; };
		A98DA1EB295A87F1008A0557 /* Lv0. 문자열 계산하기.swift */ = {isa = PBXFileReference; lastKnownFileType = sourcecode.swift; path = "Lv0. 문자열 계산하기.swift"; sourceTree = "<group>"; };
		A98DB165295BE5FD009FDB70 /* Lv1. 문자열 다루기 기본.swift */ = {isa = PBXFileReference; lastKnownFileType = sourcecode.swift; path = "Lv1. 문자열 다루기 기본.swift"; sourceTree = "<group>"; };
		A98DB166295BFB19009FDB70 /* Lv1. 부족한 금액 계산하기.swift */ = {isa = PBXFileReference; lastKnownFileType = sourcecode.swift; path = "Lv1. 부족한 금액 계산하기.swift"; sourceTree = "<group>"; };
		A98DB167295C11AD009FDB70 /* Lv1. 이상한 문자 만들기.swift */ = {isa = PBXFileReference; lastKnownFileType = sourcecode.swift; path = "Lv1. 이상한 문자 만들기.swift"; sourceTree = "<group>"; };
		A98DB168295D1EC7009FDB70 /* Lv1. 직사각형 별찍기.swift */ = {isa = PBXFileReference; lastKnownFileType = sourcecode.swift; path = "Lv1. 직사각형 별찍기.swift"; sourceTree = "<group>"; };
		A98DB169295D238C009FDB70 /* Lv1. 내적.swift */ = {isa = PBXFileReference; lastKnownFileType = sourcecode.swift; path = "Lv1. 내적.swift"; sourceTree = "<group>"; };
		A98DB16A295E7D3F009FDB70 /* Lv1. 문자열을 정수로 바꾸기.swift */ = {isa = PBXFileReference; lastKnownFileType = sourcecode.swift; path = "Lv1. 문자열을 정수로 바꾸기.swift"; sourceTree = "<group>"; };
		A98DB16B295E8329009FDB70 /* Lv1. 정수 내림차순으로 배치하기.swift */ = {isa = PBXFileReference; lastKnownFileType = sourcecode.swift; path = "Lv1. 정수 내림차순으로 배치하기.swift"; sourceTree = "<group>"; };
		A98DB16C295E85F7009FDB70 /* Lv1. 두 정수 사이의 합.swift */ = {isa = PBXFileReference; lastKnownFileType = sourcecode.swift; path = "Lv1. 두 정수 사이의 합.swift"; sourceTree = "<group>"; };
		A98DB16D295E8EEC009FDB70 /* Lv1. 약수의 개수와 덧셈.swift */ = {isa = PBXFileReference; lastKnownFileType = sourcecode.swift; path = "Lv1. 약수의 개수와 덧셈.swift"; sourceTree = "<group>"; };
		A9A14E4F2962AE83008F1D7F /* Lv1. 비밀지도.swift */ = {isa = PBXFileReference; lastKnownFileType = sourcecode.swift; path = "Lv1. 비밀지도.swift"; sourceTree = "<group>"; };
		A9A14E5229666ACA008F1D7F /* Lv0. 평행.swift */ = {isa = PBXFileReference; lastKnownFileType = sourcecode.swift; path = "Lv0. 평행.swift"; sourceTree = "<group>"; };
		A9A14E592967EB4D008F1D7F /* Lv0. 특이한 정렬.swift */ = {isa = PBXFileReference; lastKnownFileType = sourcecode.swift; path = "Lv0. 특이한 정렬.swift"; sourceTree = "<group>"; };
		A9A14E5A2967ED0C008F1D7F /* Lv0. 배열 원소의 길이.swift */ = {isa = PBXFileReference; lastKnownFileType = sourcecode.swift; path = "Lv0. 배열 원소의 길이.swift"; sourceTree = "<group>"; };
		A9A14E5B2967EEB6008F1D7F /* Lv0. 점의 위치 구하기.swift */ = {isa = PBXFileReference; lastKnownFileType = sourcecode.swift; path = "Lv0. 점의 위치 구하기.swift"; sourceTree = "<group>"; };
		A9A14E5C2967F0A7008F1D7F /* Lv0. 짝수 홀수 개수.swift */ = {isa = PBXFileReference; lastKnownFileType = sourcecode.swift; path = "Lv0. 짝수 홀수 개수.swift"; sourceTree = "<group>"; };
		A9A14E5D296BAD06008F1D7F /* Lv1. 숫자 문자열과 영단어.swift */ = {isa = PBXFileReference; lastKnownFileType = sourcecode.swift; path = "Lv1. 숫자 문자열과 영단어.swift"; sourceTree = "<group>"; };
		A9A14E5E296BB01B008F1D7F /* Lv0. 삼각형의 완성조건(1).swift */ = {isa = PBXFileReference; lastKnownFileType = sourcecode.swift; path = "Lv0. 삼각형의 완성조건(1).swift"; sourceTree = "<group>"; };
		A9A14E5F296BB0B5008F1D7F /* Lv0. 특정 문자 제거하기.swift */ = {isa = PBXFileReference; lastKnownFileType = sourcecode.swift; path = "Lv0. 특정 문자 제거하기.swift"; sourceTree = "<group>"; };
		A9A14E60296BCC65008F1D7F /* Lv0. 문자 반복 출력하기.swift */ = {isa = PBXFileReference; lastKnownFileType = sourcecode.swift; path = "Lv0. 문자 반복 출력하기.swift"; sourceTree = "<group>"; };
		A9AADA36296CF61D003D6BBF /* Lv1. 두 개 뽑아서 더하기.swift */ = {isa = PBXFileReference; lastKnownFileType = sourcecode.swift; path = "Lv1. 두 개 뽑아서 더하기.swift"; sourceTree = "<group>"; };
		A9AADA37296CFA48003D6BBF /* Lv1. 2016년.swift */ = {isa = PBXFileReference; lastKnownFileType = sourcecode.swift; path = "Lv1. 2016년.swift"; sourceTree = "<group>"; };
		A9AADA38296CFB1E003D6BBF /* Lv0. 짝수는 싫어요.swift */ = {isa = PBXFileReference; lastKnownFileType = sourcecode.swift; path = "Lv0. 짝수는 싫어요.swift"; sourceTree = "<group>"; };
		A9AADA39296CFBD4003D6BBF /* Lv0. 배열의 유사도.swift */ = {isa = PBXFileReference; lastKnownFileType = sourcecode.swift; path = "Lv0. 배열의 유사도.swift"; sourceTree = "<group>"; };
		A9B6A3942977B038005B1F0D /* Lv.1 다트게임.swift */ = {isa = PBXFileReference; lastKnownFileType = sourcecode.swift; path = "Lv.1 다트게임.swift"; sourceTree = "<group>"; };
		A9B6A3952977B202005B1F0D /* Lv.0 암호해독.swift */ = {isa = PBXFileReference; lastKnownFileType = sourcecode.swift; path = "Lv.0 암호해독.swift"; sourceTree = "<group>"; };
		A9B6A3962977BCAE005B1F0D /* Lv0. 주사위의 개수.swift */ = {isa = PBXFileReference; lastKnownFileType = sourcecode.swift; path = "Lv0. 주사위의 개수.swift"; sourceTree = "<group>"; };
		A9B6A3972977BEC7005B1F0D /* Lv.0 대문자와 소문자.swift */ = {isa = PBXFileReference; lastKnownFileType = sourcecode.swift; path = "Lv.0 대문자와 소문자.swift"; sourceTree = "<group>"; };
		A9B6A3982977CFA4005B1F0D /* Lv 0. 가위바위보.swift */ = {isa = PBXFileReference; lastKnownFileType = sourcecode.swift; path = "Lv 0. 가위바위보.swift"; sourceTree = "<group>"; };
		A9B6A3992978CFC0005B1F0D /* Lv. 0 문자열 정렬하기(1).swift */ = {isa = PBXFileReference; lastKnownFileType = sourcecode.swift; path = "Lv. 0 문자열 정렬하기(1).swift"; sourceTree = "<group>"; };
		A9B6A39A2978D1B5005B1F0D /* Lv0. 가장 큰 수 찾기.swift */ = {isa = PBXFileReference; lastKnownFileType = sourcecode.swift; path = "Lv0. 가장 큰 수 찾기.swift"; sourceTree = "<group>"; };
		A9B6A39B2978D816005B1F0D /* Lv0. 배열 회전시키기.swift */ = {isa = PBXFileReference; lastKnownFileType = sourcecode.swift; path = "Lv0. 배열 회전시키기.swift"; sourceTree = "<group>"; };
		A9B6A39C2978DD1B005B1F0D /* Lv0. 외계행성의 나이.swift */ = {isa = PBXFileReference; lastKnownFileType = sourcecode.swift; path = "Lv0. 외계행성의 나이.swift"; sourceTree = "<group>"; };
		A9B6A39D2978DED9005B1F0D /* Lv0. 인덱스바꾸기.swift */ = {isa = PBXFileReference; lastKnownFileType = sourcecode.swift; path = "Lv0. 인덱스바꾸기.swift"; sourceTree = "<group>"; };
		A9B7AC43297215A800D38BC7 /* Lv0. 제곱수 판별하기.swift */ = {isa = PBXFileReference; lastKnownFileType = sourcecode.swift; path = "Lv0. 제곱수 판별하기.swift"; sourceTree = "<group>"; };
		A9B7AC442972178F00D38BC7 /* Lv0. 개미군단.swift */ = {isa = PBXFileReference; lastKnownFileType = sourcecode.swift; path = "Lv0. 개미군단.swift"; sourceTree = "<group>"; };
		A9B7AC452972194900D38BC7 /* Lv0. 숨어있는 숫자들의 덧셈(1).swift */ = {isa = PBXFileReference; lastKnownFileType = sourcecode.swift; path = "Lv0. 숨어있는 숫자들의 덧셈(1).swift"; sourceTree = "<group>"; };
		A9B7AC4629722AA700D38BC7 /* Lv0. n의 배수 고르기.swift */ = {isa = PBXFileReference; lastKnownFileType = sourcecode.swift; path = "Lv0. n의 배수 고르기.swift"; sourceTree = "<group>"; };
		A9B7AC47297576B000D38BC7 /* Lv0. 모음 제거.swift */ = {isa = PBXFileReference; lastKnownFileType = sourcecode.swift; path = "Lv0. 모음 제거.swift"; sourceTree = "<group>"; };
		A9B7AC482975779A00D38BC7 /* Lv0. 세균 증식.swift */ = {isa = PBXFileReference; lastKnownFileType = sourcecode.swift; path = "Lv0. 세균 증식.swift"; sourceTree = "<group>"; };
		A9B7AC49297579D500D38BC7 /* Lv0. 직각삼각형 출력하기.swift */ = {isa = PBXFileReference; lastKnownFileType = sourcecode.swift; path = "Lv0. 직각삼각형 출력하기.swift"; sourceTree = "<group>"; };
/* End PBXFileReference section */

/* Begin PBXFrameworksBuildPhase section */
		A98DA1C4295138A2008A0557 /* Frameworks */ = {
			isa = PBXFrameworksBuildPhase;
			buildActionMask = 2147483647;
			files = (
			);
			runOnlyForDeploymentPostprocessing = 0;
		};
/* End PBXFrameworksBuildPhase section */

/* Begin PBXGroup section */
		A98DA1BE295138A2008A0557 = {
			isa = PBXGroup;
			children = (
				A98DA1D2295140D7008A0557 /* 백준 */,
				A98DA1D129514046008A0557 /* 프로그래머스 */,
				A98DA1C8295138A2008A0557 /* Products */,
			);
			sourceTree = "<group>";
		};
		A98DA1C8295138A2008A0557 /* Products */ = {
			isa = PBXGroup;
			children = (
				A98DA1C7295138A2008A0557 /* Algorithm */,
			);
			name = Products;
			sourceTree = "<group>";
		};
		A98DA1D129514046008A0557 /* 프로그래머스 */ = {
			isa = PBXGroup;
			children = (
				A984B21F29711B9800DA2733 /* Lv0. 순서쌍의 개수.swift */,
				A984B218296FE39400DA2733 /* Lv1. 실패율.swift */,
				A98DA1D3295140F0008A0557 /* Lv1. 가운데 글자 가져오기.swift */,
				A98DA1D529514673008A0557 /* main.swift */,
				A98CBC79297A993600206EED /* Lv0. 피자 나눠 먹기(2).swift */,
				A9B6A39D2978DED9005B1F0D /* Lv0. 인덱스바꾸기.swift */,
				A9B6A39C2978DD1B005B1F0D /* Lv0. 외계행성의 나이.swift */,
				A9B6A39A2978D1B5005B1F0D /* Lv0. 가장 큰 수 찾기.swift */,
				A9B6A3992978CFC0005B1F0D /* Lv. 0 문자열 정렬하기(1).swift */,
				A9B6A3982977CFA4005B1F0D /* Lv 0. 가위바위보.swift */,
				A9B6A3972977BEC7005B1F0D /* Lv.0 대문자와 소문자.swift */,
				A9B6A3962977BCAE005B1F0D /* Lv0. 주사위의 개수.swift */,
				A9B6A3952977B202005B1F0D /* Lv.0 암호해독.swift */,
				A9B6A3942977B038005B1F0D /* Lv.1 다트게임.swift */,
				A9B6A39B2978D816005B1F0D /* Lv0. 배열 회전시키기.swift */,
				A9B7AC49297579D500D38BC7 /* Lv0. 직각삼각형 출력하기.swift */,
				A9B7AC482975779A00D38BC7 /* Lv0. 세균 증식.swift */,
				A9B7AC47297576B000D38BC7 /* Lv0. 모음 제거.swift */,
				A9B7AC4629722AA700D38BC7 /* Lv0. n의 배수 고르기.swift */,
				A9B7AC452972194900D38BC7 /* Lv0. 숨어있는 숫자들의 덧셈(1).swift */,
				A9B7AC442972178F00D38BC7 /* Lv0. 개미군단.swift */,
				A9B7AC43297215A800D38BC7 /* Lv0. 제곱수 판별하기.swift */,
				A984B22329711F5F00DA2733 /* Lv0. 자릿수 더하기.swift */,
				A984B22129711E7D00DA2733 /* Lv0. 문자열안에 문자열.swift */,
				A984B21E2970F54B00DA2733 /* Lv1. 크기가 작은 부분 문자열.swift */,
				A984B21B296FEBC200DA2733 /* Lv0. 옷가게 할인 받기.swift */,
				A984B21A296FE4AF00DA2733 /* Lv0. 중앙값 구하기.swift */,
				A946FA42296E54F300E2E4A8 /* Lv1. 소수 구하기.swift */,
				A9AADA39296CFBD4003D6BBF /* Lv0. 배열의 유사도.swift */,
				A9AADA38296CFB1E003D6BBF /* Lv0. 짝수는 싫어요.swift */,
				A9AADA37296CFA48003D6BBF /* Lv1. 2016년.swift */,
				A9AADA36296CF61D003D6BBF /* Lv1. 두 개 뽑아서 더하기.swift */,
				A9A14E60296BCC65008F1D7F /* Lv0. 문자 반복 출력하기.swift */,
				A9A14E5F296BB0B5008F1D7F /* Lv0. 특정 문자 제거하기.swift */,
				A9A14E5E296BB01B008F1D7F /* Lv0. 삼각형의 완성조건(1).swift */,
				A9A14E5D296BAD06008F1D7F /* Lv1. 숫자 문자열과 영단어.swift */,
				A9A14E5B2967EEB6008F1D7F /* Lv0. 점의 위치 구하기.swift */,
				A9A14E5A2967ED0C008F1D7F /* Lv0. 배열 원소의 길이.swift */,
				A9A14E5229666ACA008F1D7F /* Lv0. 평행.swift */,
				A9A14E4F2962AE83008F1D7F /* Lv1. 비밀지도.swift */,
				A98DB16D295E8EEC009FDB70 /* Lv1. 약수의 개수와 덧셈.swift */,
				A98DB16C295E85F7009FDB70 /* Lv1. 두 정수 사이의 합.swift */,
				A98DB16B295E8329009FDB70 /* Lv1. 정수 내림차순으로 배치하기.swift */,
				A98DB16A295E7D3F009FDB70 /* Lv1. 문자열을 정수로 바꾸기.swift */,
				A98DB167295C11AD009FDB70 /* Lv1. 이상한 문자 만들기.swift */,
				A98DA1EB295A87F1008A0557 /* Lv0. 문자열 계산하기.swift */,
				A98DA1DB29514E43008A0557 /* Lv1. 없는 숫자 더하기.swift */,
				A98DA1D929514E2D008A0557 /* Lv1. 짝수와 홀수.swift */,
				A98DA1DD295158CF008A0557 /* Lv1. 나누어 떨어지는 숫자 배열.swift */,
				A98DA1E229519F8E008A0557 /* Lv0. 최대값 만들기(1).swift */,
				A98DA1E329528641008A0557 /* Lv1. 문자열 내 p와 y의 개수.swift */,
				A98DA1E429528A0B008A0557 /* Lv1. 나머지가 1이 되는 수 찾기.swift */,
				A98DA1E529528D37008A0557 /* Lv1. 콜라츠 추측.swift */,
				A98DA1E629592006008A0557 /* Lv1. 서울에서 김서방 찾기.swift */,
				A98DA1E72959307C008A0557 /* Lv1. 음양 더하기.swift */,
				A98DA1E8295938C5008A0557 /* Lv1. 제일 작은 수 제거하기.swift */,
				A98DA1E9295A7C5C008A0557 /* Lv.1 수박수박수박수박수?.swift */,
				A98DA1EA295A7DB6008A0557 /* Lv1. 문자열 내림차순으로 배치하기.swift */,
				A98DB165295BE5FD009FDB70 /* Lv1. 문자열 다루기 기본.swift */,
				A98DB166295BFB19009FDB70 /* Lv1. 부족한 금액 계산하기.swift */,
				A98DB168295D1EC7009FDB70 /* Lv1. 직사각형 별찍기.swift */,
				A98DB169295D238C009FDB70 /* Lv1. 내적.swift */,
				A9A14E592967EB4D008F1D7F /* Lv0. 특이한 정렬.swift */,
				A9A14E5C2967F0A7008F1D7F /* Lv0. 짝수 홀수 개수.swift */,
			);
			name = "프로그래머스";
			path = "프로그래머스";
			sourceTree = "<group>";
		};
		A98DA1D2295140D7008A0557 /* 백준 */ = {
			isa = PBXGroup;
			children = (
			);
			name = "백준";
			path = "백준";
			sourceTree = "<group>";
		};
/* End PBXGroup section */

/* Begin PBXNativeTarget section */
		A98DA1C6295138A2008A0557 /* Algorithm */ = {
			isa = PBXNativeTarget;
			buildConfigurationList = A98DA1CE295138A2008A0557 /* Build configuration list for PBXNativeTarget "Algorithm" */;
			buildPhases = (
				A98DA1C3295138A2008A0557 /* Sources */,
				A98DA1C4295138A2008A0557 /* Frameworks */,
				A98DA1C5295138A2008A0557 /* CopyFiles */,
			);
			buildRules = (
			);
			dependencies = (
			);
			name = Algorithm;
			productName = codeTEst;
			productReference = A98DA1C7295138A2008A0557 /* Algorithm */;
			productType = "com.apple.product-type.tool";
		};
/* End PBXNativeTarget section */

/* Begin PBXProject section */
		A98DA1BF295138A2008A0557 /* Project object */ = {
			isa = PBXProject;
			attributes = {
				BuildIndependentTargetsInParallel = 1;
				LastSwiftUpdateCheck = 1340;
				LastUpgradeCheck = 1340;
				TargetAttributes = {
					A98DA1C6295138A2008A0557 = {
						CreatedOnToolsVersion = 13.4.1;
					};
				};
			};
			buildConfigurationList = A98DA1C2295138A2008A0557 /* Build configuration list for PBXProject "Algorithm" */;
			compatibilityVersion = "Xcode 13.0";
			developmentRegion = en;
			hasScannedForEncodings = 0;
			knownRegions = (
				en,
				Base,
			);
			mainGroup = A98DA1BE295138A2008A0557;
			productRefGroup = A98DA1C8295138A2008A0557 /* Products */;
			projectDirPath = "";
			projectRoot = "";
			targets = (
				A98DA1C6295138A2008A0557 /* Algorithm */,
			);
		};
/* End PBXProject section */

/* Begin PBXSourcesBuildPhase section */
		A98DA1C3295138A2008A0557 /* Sources */ = {
			isa = PBXSourcesBuildPhase;
			buildActionMask = 2147483647;
			files = (
				A98DA1D629514673008A0557 /* main.swift in Sources */,
				A98DA1DA29514E2D008A0557 /* Lv1. 짝수와 홀수.swift in Sources */,
			);
			runOnlyForDeploymentPostprocessing = 0;
		};
/* End PBXSourcesBuildPhase section */

/* Begin XCBuildConfiguration section */
		A98DA1CC295138A2008A0557 /* Debug */ = {
			isa = XCBuildConfiguration;
			buildSettings = {
				ALWAYS_SEARCH_USER_PATHS = NO;
				CLANG_ANALYZER_NONNULL = YES;
				CLANG_ANALYZER_NUMBER_OBJECT_CONVERSION = YES_AGGRESSIVE;
				CLANG_CXX_LANGUAGE_STANDARD = "gnu++17";
				CLANG_ENABLE_MODULES = YES;
				CLANG_ENABLE_OBJC_ARC = YES;
				CLANG_ENABLE_OBJC_WEAK = YES;
				CLANG_WARN_BLOCK_CAPTURE_AUTORELEASING = YES;
				CLANG_WARN_BOOL_CONVERSION = YES;
				CLANG_WARN_COMMA = YES;
				CLANG_WARN_CONSTANT_CONVERSION = YES;
				CLANG_WARN_DEPRECATED_OBJC_IMPLEMENTATIONS = YES;
				CLANG_WARN_DIRECT_OBJC_ISA_USAGE = YES_ERROR;
				CLANG_WARN_DOCUMENTATION_COMMENTS = YES;
				CLANG_WARN_EMPTY_BODY = YES;
				CLANG_WARN_ENUM_CONVERSION = YES;
				CLANG_WARN_INFINITE_RECURSION = YES;
				CLANG_WARN_INT_CONVERSION = YES;
				CLANG_WARN_NON_LITERAL_NULL_CONVERSION = YES;
				CLANG_WARN_OBJC_IMPLICIT_RETAIN_SELF = YES;
				CLANG_WARN_OBJC_LITERAL_CONVERSION = YES;
				CLANG_WARN_OBJC_ROOT_CLASS = YES_ERROR;
				CLANG_WARN_QUOTED_INCLUDE_IN_FRAMEWORK_HEADER = YES;
				CLANG_WARN_RANGE_LOOP_ANALYSIS = YES;
				CLANG_WARN_STRICT_PROTOTYPES = YES;
				CLANG_WARN_SUSPICIOUS_MOVE = YES;
				CLANG_WARN_UNGUARDED_AVAILABILITY = YES_AGGRESSIVE;
				CLANG_WARN_UNREACHABLE_CODE = YES;
				CLANG_WARN__DUPLICATE_METHOD_MATCH = YES;
				COPY_PHASE_STRIP = NO;
				DEBUG_INFORMATION_FORMAT = dwarf;
				ENABLE_STRICT_OBJC_MSGSEND = YES;
				ENABLE_TESTABILITY = YES;
				GCC_C_LANGUAGE_STANDARD = gnu11;
				GCC_DYNAMIC_NO_PIC = NO;
				GCC_NO_COMMON_BLOCKS = YES;
				GCC_OPTIMIZATION_LEVEL = 0;
				GCC_PREPROCESSOR_DEFINITIONS = (
					"DEBUG=1",
					"$(inherited)",
				);
				GCC_WARN_64_TO_32_BIT_CONVERSION = YES;
				GCC_WARN_ABOUT_RETURN_TYPE = YES_ERROR;
				GCC_WARN_UNDECLARED_SELECTOR = YES;
				GCC_WARN_UNINITIALIZED_AUTOS = YES_AGGRESSIVE;
				GCC_WARN_UNUSED_FUNCTION = YES;
				GCC_WARN_UNUSED_VARIABLE = YES;
				MACOSX_DEPLOYMENT_TARGET = 12.3;
				MTL_ENABLE_DEBUG_INFO = INCLUDE_SOURCE;
				MTL_FAST_MATH = YES;
				ONLY_ACTIVE_ARCH = YES;
				SDKROOT = macosx;
				SWIFT_ACTIVE_COMPILATION_CONDITIONS = DEBUG;
				SWIFT_OPTIMIZATION_LEVEL = "-Onone";
			};
			name = Debug;
		};
		A98DA1CD295138A2008A0557 /* Release */ = {
			isa = XCBuildConfiguration;
			buildSettings = {
				ALWAYS_SEARCH_USER_PATHS = NO;
				CLANG_ANALYZER_NONNULL = YES;
				CLANG_ANALYZER_NUMBER_OBJECT_CONVERSION = YES_AGGRESSIVE;
				CLANG_CXX_LANGUAGE_STANDARD = "gnu++17";
				CLANG_ENABLE_MODULES = YES;
				CLANG_ENABLE_OBJC_ARC = YES;
				CLANG_ENABLE_OBJC_WEAK = YES;
				CLANG_WARN_BLOCK_CAPTURE_AUTORELEASING = YES;
				CLANG_WARN_BOOL_CONVERSION = YES;
				CLANG_WARN_COMMA = YES;
				CLANG_WARN_CONSTANT_CONVERSION = YES;
				CLANG_WARN_DEPRECATED_OBJC_IMPLEMENTATIONS = YES;
				CLANG_WARN_DIRECT_OBJC_ISA_USAGE = YES_ERROR;
				CLANG_WARN_DOCUMENTATION_COMMENTS = YES;
				CLANG_WARN_EMPTY_BODY = YES;
				CLANG_WARN_ENUM_CONVERSION = YES;
				CLANG_WARN_INFINITE_RECURSION = YES;
				CLANG_WARN_INT_CONVERSION = YES;
				CLANG_WARN_NON_LITERAL_NULL_CONVERSION = YES;
				CLANG_WARN_OBJC_IMPLICIT_RETAIN_SELF = YES;
				CLANG_WARN_OBJC_LITERAL_CONVERSION = YES;
				CLANG_WARN_OBJC_ROOT_CLASS = YES_ERROR;
				CLANG_WARN_QUOTED_INCLUDE_IN_FRAMEWORK_HEADER = YES;
				CLANG_WARN_RANGE_LOOP_ANALYSIS = YES;
				CLANG_WARN_STRICT_PROTOTYPES = YES;
				CLANG_WARN_SUSPICIOUS_MOVE = YES;
				CLANG_WARN_UNGUARDED_AVAILABILITY = YES_AGGRESSIVE;
				CLANG_WARN_UNREACHABLE_CODE = YES;
				CLANG_WARN__DUPLICATE_METHOD_MATCH = YES;
				COPY_PHASE_STRIP = NO;
				DEBUG_INFORMATION_FORMAT = "dwarf-with-dsym";
				ENABLE_NS_ASSERTIONS = NO;
				ENABLE_STRICT_OBJC_MSGSEND = YES;
				GCC_C_LANGUAGE_STANDARD = gnu11;
				GCC_NO_COMMON_BLOCKS = YES;
				GCC_WARN_64_TO_32_BIT_CONVERSION = YES;
				GCC_WARN_ABOUT_RETURN_TYPE = YES_ERROR;
				GCC_WARN_UNDECLARED_SELECTOR = YES;
				GCC_WARN_UNINITIALIZED_AUTOS = YES_AGGRESSIVE;
				GCC_WARN_UNUSED_FUNCTION = YES;
				GCC_WARN_UNUSED_VARIABLE = YES;
				MACOSX_DEPLOYMENT_TARGET = 12.3;
				MTL_ENABLE_DEBUG_INFO = NO;
				MTL_FAST_MATH = YES;
				SDKROOT = macosx;
				SWIFT_COMPILATION_MODE = wholemodule;
				SWIFT_OPTIMIZATION_LEVEL = "-O";
			};
			name = Release;
		};
		A98DA1CF295138A2008A0557 /* Debug */ = {
			isa = XCBuildConfiguration;
			buildSettings = {
				CODE_SIGN_STYLE = Automatic;
				DEVELOPMENT_TEAM = RAJ2UPL4CG;
				ENABLE_HARDENED_RUNTIME = YES;
				PRODUCT_NAME = "$(TARGET_NAME)";
				SWIFT_VERSION = 5.0;
			};
			name = Debug;
		};
		A98DA1D0295138A2008A0557 /* Release */ = {
			isa = XCBuildConfiguration;
			buildSettings = {
				CODE_SIGN_STYLE = Automatic;
				DEVELOPMENT_TEAM = RAJ2UPL4CG;
				ENABLE_HARDENED_RUNTIME = YES;
				PRODUCT_NAME = "$(TARGET_NAME)";
				SWIFT_VERSION = 5.0;
			};
			name = Release;
		};
/* End XCBuildConfiguration section */

/* Begin XCConfigurationList section */
		A98DA1C2295138A2008A0557 /* Build configuration list for PBXProject "Algorithm" */ = {
			isa = XCConfigurationList;
			buildConfigurations = (
				A98DA1CC295138A2008A0557 /* Debug */,
				A98DA1CD295138A2008A0557 /* Release */,
			);
			defaultConfigurationIsVisible = 0;
			defaultConfigurationName = Release;
		};
		A98DA1CE295138A2008A0557 /* Build configuration list for PBXNativeTarget "Algorithm" */ = {
			isa = XCConfigurationList;
			buildConfigurations = (
				A98DA1CF295138A2008A0557 /* Debug */,
				A98DA1D0295138A2008A0557 /* Release */,
			);
			defaultConfigurationIsVisible = 0;
			defaultConfigurationName = Release;
		};
/* End XCConfigurationList section */
	};
	rootObject = A98DA1BF295138A2008A0557 /* Project object */;
}
